{
  "name": "chenyu76.github.io",
  "lockfileVersion": 3,
  "requires": true,
  "packages": {
    "": {
      "dependencies": {
        "highlight.js": "^11.11.1",
        "marked": "^16.0.0",
        "marked-highlight": "^2.2.2",
        "marked-katex-extension": "^5.1.5"
      }
    },
    "node_modules/commander": {
      "version": "8.3.0",
      "resolved": "https://registry.npmjs.org/commander/-/commander-8.3.0.tgz",
      "integrity": "sha512-OkTL9umf+He2DZkUq8f8J9of7yL6RJKI24dVITBmNfZBmri9zYZQrKkuXiKhyfPSu8tUhnVBB1iKXevvnlR4Ww==",
      "license": "MIT",
      "peer": true,
      "engines": {
        "node": ">= 12"
      }
    },
    "node_modules/highlight.js": {
      "version": "11.11.1",
      "resolved": "https://registry.npmjs.org/highlight.js/-/highlight.js-11.11.1.tgz",
      "integrity": "sha512-Xwwo44whKBVCYoliBQwaPvtd/2tYFkRQtXDWj1nackaV2JPXx3L0+Jvd8/qCJ2p+ML0/XVkJ2q+Mr+UVdpJK5w==",
      "license": "BSD-3-Clause",
      "engines": {
        "node": ">=12.0.0"
      }
    },
    "node_modules/katex": {
      "version": "0.16.22",
      "resolved": "https://registry.npmjs.org/katex/-/katex-0.16.22.tgz",
      "integrity": "sha512-XCHRdUw4lf3SKBaJe4EvgqIuWwkPSo9XoeO8GjQW94Bp7TWv9hNhzZjZ+OH9yf1UmLygb7DIT5GSFQiyt16zYg==",
      "funding": [
        "https://opencollective.com/katex",
        "https://github.com/sponsors/katex"
      ],
      "license": "MIT",
      "peer": true,
      "dependencies": {
        "commander": "^8.3.0"
      },
      "bin": {
        "katex": "cli.js"
      }
    },
    "node_modules/marked": {
      "version": "16.0.0",
      "resolved": "https://registry.npmjs.org/marked/-/marked-16.0.0.tgz",
      "integrity": "sha512-MUKMXDjsD/eptB7GPzxo4xcnLS6oo7/RHimUMHEDRhUooPwmN9BEpMl7AEOJv3bmso169wHI2wUF9VQgL7zfmA==",
      "license": "MIT",
      "bin": {
        "marked": "bin/marked.js"
      },
      "engines": {
        "node": ">= 20"
      }
    },
    "node_modules/marked-highlight": {
      "version": "2.2.2",
      "resolved": "https://registry.npmjs.org/marked-highlight/-/marked-highlight-2.2.2.tgz",
      "integrity": "sha512-KlHOP31DatbtPPXPaI8nx1KTrG3EW0Z5zewCwpUj65swbtKOTStteK3sNAjBqV75Pgo3fNEVNHeptg18mDuWgw==",
      "license": "MIT",
      "peerDependencies": {
        "marked": ">=4 <17"
      }
    },
    "node_modules/marked-katex-extension": {
      "version": "5.1.5",
      "resolved": "https://registry.npmjs.org/marked-katex-extension/-/marked-katex-extension-5.1.5.tgz",
      "integrity": "sha512-AAlfnpi3ivBWt4Paqb8YW2R7eq2ESJ+AtrgJU1jImUwnxHJAhPkZ5MsR3POnWV9HKwlBLZTVGC5I5+I2xWRiFg==",
      "license": "MIT",
      "peerDependencies": {
        "katex": ">=0.16 <0.17",
        "marked": ">=4 <17"
      }
    }
  }
}
